
Microsoft Visual Studio Solution File, Format Version 12.00
# Visual Studio Version 17
VisualStudioVersion = 17.5.002.0
MinimumVisualStudioVersion = 10.0.40219.1
Project("{9A19103F-16F7-4668-BE54-9A1E7A4F7556}") = "CS_FULLSTACK_03.12.2024", "CS_FULLSTACK_03.12.2024.csproj", "{01574C71-6C37-4D39-81F7-FF8438EEC4DF}"
EndProject
Global
	GlobalSection(SolutionConfigurationPlatforms) = preSolution
		Debug|Any CPU = Debug|Any CPU
		Release|Any CPU = Release|Any CPU
	EndGlobalSection
	GlobalSection(ProjectConfigurationPlatforms) = postSolution
		{01574C71-6C37-4D39-81F7-FF8438EEC4DF}.Debug|Any CPU.ActiveCfg = Debug|Any CPU
		{01574C71-6C37-4D39-81F7-FF8438EEC4DF}.Debug|Any CPU.Build.0 = Debug|Any CPU
		{01574C71-6C37-4D39-81F7-FF8438EEC4DF}.Release|Any CPU.ActiveCfg = Release|Any CPU
		{01574C71-6C37-4D39-81F7-FF8438EEC4DF}.Release|Any CPU.Build.0 = Release|Any CPU
	EndGlobalSection
	GlobalSection(SolutionProperties) = preSolution
		HideSolutionNode = FALSE
	EndGlobalSection
	GlobalSection(ExtensibilityGlobals) = postSolution
		SolutionGuid = {EAACFBED-266E-4B62-BF63-ACBFAC69E585}
	EndGlobalSection
EndGlobal
